// !$*UTF8*$!
{
	archiveVersion = 1;
	classes = {
	};
	objectVersion = 56;
	objects = {

/* Begin PBXBuildFile section */
		04580EB42C2F012F007EE688 /* artHubApp.swift in Sources */ = {isa = PBXBuildFile; fileRef = 04580EB32C2F012F007EE688 /* artHubApp.swift */; };
		04580EB62C2F012F007EE688 /* ContentView.swift in Sources */ = {isa = PBXBuildFile; fileRef = 04580EB52C2F012F007EE688 /* ContentView.swift */; };
		04580EB82C2F0130007EE688 /* Assets.xcassets in Resources */ = {isa = PBXBuildFile; fileRef = 04580EB72C2F0130007EE688 /* Assets.xcassets */; };
		04580EBB2C2F0130007EE688 /* Preview Assets.xcassets in Resources */ = {isa = PBXBuildFile; fileRef = 04580EBA2C2F0130007EE688 /* Preview Assets.xcassets */; };
		04580EC52C2F0130007EE688 /* artHubTests.swift in Sources */ = {isa = PBXBuildFile; fileRef = 04580EC42C2F0130007EE688 /* artHubTests.swift */; };
		04580ECF2C2F0130007EE688 /* artHubUITests.swift in Sources */ = {isa = PBXBuildFile; fileRef = 04580ECE2C2F0130007EE688 /* artHubUITests.swift */; };
		04580ED12C2F0130007EE688 /* artHubUITestsLaunchTests.swift in Sources */ = {isa = PBXBuildFile; fileRef = 04580ED02C2F0130007EE688 /* artHubUITestsLaunchTests.swift */; };
		04580EE12C2F0332007EE688 /* FirebaseAnalytics in Frameworks */ = {isa = PBXBuildFile; productRef = 04580EE02C2F0332007EE688 /* FirebaseAnalytics */; };
		04580EE32C2F0332007EE688 /* FirebaseAnalyticsOnDeviceConversion in Frameworks */ = {isa = PBXBuildFile; productRef = 04580EE22C2F0332007EE688 /* FirebaseAnalyticsOnDeviceConversion */; };
		04580EE52C2F0332007EE688 /* FirebaseAnalyticsSwift in Frameworks */ = {isa = PBXBuildFile; productRef = 04580EE42C2F0332007EE688 /* FirebaseAnalyticsSwift */; };
		04580EE72C2F0332007EE688 /* FirebaseAnalyticsWithoutAdIdSupport in Frameworks */ = {isa = PBXBuildFile; productRef = 04580EE62C2F0332007EE688 /* FirebaseAnalyticsWithoutAdIdSupport */; };
		04580EE92C2F0332007EE688 /* FirebaseAuth in Frameworks */ = {isa = PBXBuildFile; productRef = 04580EE82C2F0332007EE688 /* FirebaseAuth */; };
		04580EEB2C2F0332007EE688 /* FirebaseAuthCombine-Community in Frameworks */ = {isa = PBXBuildFile; productRef = 04580EEA2C2F0332007EE688 /* FirebaseAuthCombine-Community */; };
		04580EED2C2F0332007EE688 /* FirebaseCrashlytics in Frameworks */ = {isa = PBXBuildFile; productRef = 04580EEC2C2F0332007EE688 /* FirebaseCrashlytics */; };
		04580EEF2C2F0332007EE688 /* FirebaseDatabase in Frameworks */ = {isa = PBXBuildFile; productRef = 04580EEE2C2F0332007EE688 /* FirebaseDatabase */; };
		04580EF12C2F0332007EE688 /* FirebaseDatabaseSwift in Frameworks */ = {isa = PBXBuildFile; productRef = 04580EF02C2F0332007EE688 /* FirebaseDatabaseSwift */; };
		04580EF32C2F0332007EE688 /* FirebaseFirestore in Frameworks */ = {isa = PBXBuildFile; productRef = 04580EF22C2F0332007EE688 /* FirebaseFirestore */; };
		04580EF52C2F0332007EE688 /* FirebaseFirestoreCombine-Community in Frameworks */ = {isa = PBXBuildFile; productRef = 04580EF42C2F0332007EE688 /* FirebaseFirestoreCombine-Community */; };
		04580EF72C2F0332007EE688 /* FirebaseFirestoreSwift in Frameworks */ = {isa = PBXBuildFile; productRef = 04580EF62C2F0332007EE688 /* FirebaseFirestoreSwift */; };
		04580EF92C2F0332007EE688 /* FirebaseFunctions in Frameworks */ = {isa = PBXBuildFile; productRef = 04580EF82C2F0332007EE688 /* FirebaseFunctions */; };
		04580EFB2C2F0332007EE688 /* FirebaseFunctionsCombine-Community in Frameworks */ = {isa = PBXBuildFile; productRef = 04580EFA2C2F0332007EE688 /* FirebaseFunctionsCombine-Community */; };
		04580EFD2C2F0332007EE688 /* FirebaseStorage in Frameworks */ = {isa = PBXBuildFile; productRef = 04580EFC2C2F0332007EE688 /* FirebaseStorage */; };
		04580EFF2C2F0332007EE688 /* FirebaseStorageCombine-Community in Frameworks */ = {isa = PBXBuildFile; productRef = 04580EFE2C2F0332007EE688 /* FirebaseStorageCombine-Community */; };
		04580F2A2C2F1D3B007EE688 /* WelcomeScreenView.swift in Sources */ = {isa = PBXBuildFile; fileRef = 04580F292C2F1D3B007EE688 /* WelcomeScreenView.swift */; };
		04580F2C2C2F1FD8007EE688 /* WelcomeScreenViewModel.swift in Sources */ = {isa = PBXBuildFile; fileRef = 04580F2B2C2F1FD8007EE688 /* WelcomeScreenViewModel.swift */; };
		04580F2F2C2F3143007EE688 /* BackgroundImageView.swift in Sources */ = {isa = PBXBuildFile; fileRef = 04580F2E2C2F3143007EE688 /* BackgroundImageView.swift */; };
		04580F312C2F319B007EE688 /* WelcomeContentView.swift in Sources */ = {isa = PBXBuildFile; fileRef = 04580F302C2F319B007EE688 /* WelcomeContentView.swift */; };
		04580F332C2F31D4007EE688 /* ButtonActionsView.swift in Sources */ = {isa = PBXBuildFile; fileRef = 04580F322C2F31D4007EE688 /* ButtonActionsView.swift */; };
		04580F3F2C2F357A007EE688 /* PrimaryButtonStyle.swift in Sources */ = {isa = PBXBuildFile; fileRef = 04580F3E2C2F357A007EE688 /* PrimaryButtonStyle.swift */; };
		04580F472C2F36B8007EE688 /* BlackBackgroundButtonStyle.swift in Sources */ = {isa = PBXBuildFile; fileRef = 04580F462C2F36B8007EE688 /* BlackBackgroundButtonStyle.swift */; };
		04580F492C2F3700007EE688 /* SignUpView.swift in Sources */ = {isa = PBXBuildFile; fileRef = 04580F482C2F3700007EE688 /* SignUpView.swift */; };
		04580F4B2C2F3737007EE688 /* SignUpEmailView.swift in Sources */ = {isa = PBXBuildFile; fileRef = 04580F4A2C2F3737007EE688 /* SignUpEmailView.swift */; };
		04580F4D2C2F3762007EE688 /* SignUpPasswordView.swift in Sources */ = {isa = PBXBuildFile; fileRef = 04580F4C2C2F3762007EE688 /* SignUpPasswordView.swift */; };
		04580F4F2C2F37C9007EE688 /* LoginViewModel.swift in Sources */ = {isa = PBXBuildFile; fileRef = 04580F4E2C2F37C9007EE688 /* LoginViewModel.swift */; };
		04580F512C2F380A007EE688 /* SignUpViewModel.swift in Sources */ = {isa = PBXBuildFile; fileRef = 04580F502C2F380A007EE688 /* SignUpViewModel.swift */; };
		04580F532C2F384E007EE688 /* EmailTextFieldStyle.swift in Sources */ = {isa = PBXBuildFile; fileRef = 04580F522C2F384E007EE688 /* EmailTextFieldStyle.swift */; };
		04580F552C2F38B0007EE688 /* CustomBackButton.swift in Sources */ = {isa = PBXBuildFile; fileRef = 04580F542C2F38B0007EE688 /* CustomBackButton.swift */; };
		04580F572C2F3A62007EE688 /* GoogleService-Info.plist in Resources */ = {isa = PBXBuildFile; fileRef = 04580F562C2F3A62007EE688 /* GoogleService-Info.plist */; };
		04CF427C2C2F86B300B52B26 /* PasswordErrorView.swift in Sources */ = {isa = PBXBuildFile; fileRef = 04CF427B2C2F86B300B52B26 /* PasswordErrorView.swift */; };
		04CF427E2C2FA54600B52B26 /* SignUpNameView.swift in Sources */ = {isa = PBXBuildFile; fileRef = 04CF427D2C2FA54600B52B26 /* SignUpNameView.swift */; };
		04CF42802C2FA8A300B52B26 /* NextView.swift in Sources */ = {isa = PBXBuildFile; fileRef = 04CF427F2C2FA8A300B52B26 /* NextView.swift */; };
		04CF42832C2FAB3B00B52B26 /* LoginView.swift in Sources */ = {isa = PBXBuildFile; fileRef = 04CF42822C2FAB3B00B52B26 /* LoginView.swift */; };
		04CF42852C2FAB8800B52B26 /* LoginEmailView.swift in Sources */ = {isa = PBXBuildFile; fileRef = 04CF42842C2FAB8800B52B26 /* LoginEmailView.swift */; };
/* End PBXBuildFile section */

/* Begin PBXContainerItemProxy section */
		04580EC12C2F0130007EE688 /* PBXContainerItemProxy */ = {
			isa = PBXContainerItemProxy;
			containerPortal = 04580EA82C2F012F007EE688 /* Project object */;
			proxyType = 1;
			remoteGlobalIDString = 04580EAF2C2F012F007EE688;
			remoteInfo = artHub;
		};
		04580ECB2C2F0130007EE688 /* PBXContainerItemProxy */ = {
			isa = PBXContainerItemProxy;
			containerPortal = 04580EA82C2F012F007EE688 /* Project object */;
			proxyType = 1;
			remoteGlobalIDString = 04580EAF2C2F012F007EE688;
			remoteInfo = artHub;
		};
/* End PBXContainerItemProxy section */

/* Begin PBXFileReference section */
		04580EB02C2F012F007EE688 /* artHub.app */ = {isa = PBXFileReference; explicitFileType = wrapper.application; includeInIndex = 0; path = artHub.app; sourceTree = BUILT_PRODUCTS_DIR; };
		04580EB32C2F012F007EE688 /* artHubApp.swift */ = {isa = PBXFileReference; lastKnownFileType = sourcecode.swift; path = artHubApp.swift; sourceTree = "<group>"; };
		04580EB52C2F012F007EE688 /* ContentView.swift */ = {isa = PBXFileReference; lastKnownFileType = sourcecode.swift; path = ContentView.swift; sourceTree = "<group>"; };
		04580EB72C2F0130007EE688 /* Assets.xcassets */ = {isa = PBXFileReference; lastKnownFileType = folder.assetcatalog; path = Assets.xcassets; sourceTree = "<group>"; };
		04580EBA2C2F0130007EE688 /* Preview Assets.xcassets */ = {isa = PBXFileReference; lastKnownFileType = folder.assetcatalog; path = "Preview Assets.xcassets"; sourceTree = "<group>"; };
		04580EC02C2F0130007EE688 /* artHubTests.xctest */ = {isa = PBXFileReference; explicitFileType = wrapper.cfbundle; includeInIndex = 0; path = artHubTests.xctest; sourceTree = BUILT_PRODUCTS_DIR; };
		04580EC42C2F0130007EE688 /* artHubTests.swift */ = {isa = PBXFileReference; lastKnownFileType = sourcecode.swift; path = artHubTests.swift; sourceTree = "<group>"; };
		04580ECA2C2F0130007EE688 /* artHubUITests.xctest */ = {isa = PBXFileReference; explicitFileType = wrapper.cfbundle; includeInIndex = 0; path = artHubUITests.xctest; sourceTree = BUILT_PRODUCTS_DIR; };
		04580ECE2C2F0130007EE688 /* artHubUITests.swift */ = {isa = PBXFileReference; lastKnownFileType = sourcecode.swift; path = artHubUITests.swift; sourceTree = "<group>"; };
		04580ED02C2F0130007EE688 /* artHubUITestsLaunchTests.swift */ = {isa = PBXFileReference; lastKnownFileType = sourcecode.swift; path = artHubUITestsLaunchTests.swift; sourceTree = "<group>"; };
		04580F1B2C2F1413007EE688 /* ArtistProfileViewModel.swift */ = {isa = PBXFileReference; lastKnownFileType = sourcecode.swift; path = ArtistProfileViewModel.swift; sourceTree = "<group>"; };
		04580F1D2C2F1413007EE688 /* ArtworksViewModel.swift */ = {isa = PBXFileReference; lastKnownFileType = sourcecode.swift; path = ArtworksViewModel.swift; sourceTree = "<group>"; };
		04580F1F2C2F1413007EE688 /* UserProfileViewModel.swift */ = {isa = PBXFileReference; lastKnownFileType = sourcecode.swift; path = UserProfileViewModel.swift; sourceTree = "<group>"; };
		04580F202C2F1413007EE688 /* ColectionViewModel.swift */ = {isa = PBXFileReference; lastKnownFileType = sourcecode.swift; path = ColectionViewModel.swift; sourceTree = "<group>"; };
		04580F292C2F1D3B007EE688 /* WelcomeScreenView.swift */ = {isa = PBXFileReference; lastKnownFileType = sourcecode.swift; path = WelcomeScreenView.swift; sourceTree = "<group>"; };
		04580F2B2C2F1FD8007EE688 /* WelcomeScreenViewModel.swift */ = {isa = PBXFileReference; lastKnownFileType = sourcecode.swift; path = WelcomeScreenViewModel.swift; sourceTree = "<group>"; };
		04580F2E2C2F3143007EE688 /* BackgroundImageView.swift */ = {isa = PBXFileReference; lastKnownFileType = sourcecode.swift; path = BackgroundImageView.swift; sourceTree = "<group>"; };
		04580F302C2F319B007EE688 /* WelcomeContentView.swift */ = {isa = PBXFileReference; lastKnownFileType = sourcecode.swift; path = WelcomeContentView.swift; sourceTree = "<group>"; };
		04580F322C2F31D4007EE688 /* ButtonActionsView.swift */ = {isa = PBXFileReference; lastKnownFileType = sourcecode.swift; path = ButtonActionsView.swift; sourceTree = "<group>"; };
		04580F3E2C2F357A007EE688 /* PrimaryButtonStyle.swift */ = {isa = PBXFileReference; lastKnownFileType = sourcecode.swift; path = PrimaryButtonStyle.swift; sourceTree = "<group>"; };
		04580F462C2F36B8007EE688 /* BlackBackgroundButtonStyle.swift */ = {isa = PBXFileReference; lastKnownFileType = sourcecode.swift; path = BlackBackgroundButtonStyle.swift; sourceTree = "<group>"; };
		04580F482C2F3700007EE688 /* SignUpView.swift */ = {isa = PBXFileReference; lastKnownFileType = sourcecode.swift; path = SignUpView.swift; sourceTree = "<group>"; };
		04580F4A2C2F3737007EE688 /* SignUpEmailView.swift */ = {isa = PBXFileReference; lastKnownFileType = sourcecode.swift; path = SignUpEmailView.swift; sourceTree = "<group>"; };
		04580F4C2C2F3762007EE688 /* SignUpPasswordView.swift */ = {isa = PBXFileReference; lastKnownFileType = sourcecode.swift; path = SignUpPasswordView.swift; sourceTree = "<group>"; };
		04580F4E2C2F37C9007EE688 /* LoginViewModel.swift */ = {isa = PBXFileReference; lastKnownFileType = sourcecode.swift; path = LoginViewModel.swift; sourceTree = "<group>"; };
		04580F502C2F380A007EE688 /* SignUpViewModel.swift */ = {isa = PBXFileReference; lastKnownFileType = sourcecode.swift; path = SignUpViewModel.swift; sourceTree = "<group>"; };
		04580F522C2F384E007EE688 /* EmailTextFieldStyle.swift */ = {isa = PBXFileReference; lastKnownFileType = sourcecode.swift; path = EmailTextFieldStyle.swift; sourceTree = "<group>"; };
		04580F542C2F38B0007EE688 /* CustomBackButton.swift */ = {isa = PBXFileReference; lastKnownFileType = sourcecode.swift; path = CustomBackButton.swift; sourceTree = "<group>"; };
		04580F562C2F3A62007EE688 /* GoogleService-Info.plist */ = {isa = PBXFileReference; fileEncoding = 4; lastKnownFileType = text.plist.xml; name = "GoogleService-Info.plist"; path = "../../../../Downloads/GoogleService-Info.plist"; sourceTree = "<group>"; };
		04580F5B2C2F65D4007EE688 /* Collection.swift */ = {isa = PBXFileReference; lastKnownFileType = sourcecode.swift; path = Collection.swift; sourceTree = "<group>"; };
		04580F5C2C2F65D4007EE688 /* User.swift */ = {isa = PBXFileReference; lastKnownFileType = sourcecode.swift; path = User.swift; sourceTree = "<group>"; };
		04580F5D2C2F65D4007EE688 /* Artist.swift */ = {isa = PBXFileReference; lastKnownFileType = sourcecode.swift; path = Artist.swift; sourceTree = "<group>"; };
		04580F5E2C2F65D4007EE688 /* Artwork.swift */ = {isa = PBXFileReference; lastKnownFileType = sourcecode.swift; path = Artwork.swift; sourceTree = "<group>"; };
		04CF427B2C2F86B300B52B26 /* PasswordErrorView.swift */ = {isa = PBXFileReference; lastKnownFileType = sourcecode.swift; path = PasswordErrorView.swift; sourceTree = "<group>"; };
		04CF427D2C2FA54600B52B26 /* SignUpNameView.swift */ = {isa = PBXFileReference; lastKnownFileType = sourcecode.swift; path = SignUpNameView.swift; sourceTree = "<group>"; };
		04CF427F2C2FA8A300B52B26 /* NextView.swift */ = {isa = PBXFileReference; lastKnownFileType = sourcecode.swift; path = NextView.swift; sourceTree = "<group>"; };
		04CF42822C2FAB3B00B52B26 /* LoginView.swift */ = {isa = PBXFileReference; lastKnownFileType = sourcecode.swift; path = LoginView.swift; sourceTree = "<group>"; };
		04CF42842C2FAB8800B52B26 /* LoginEmailView.swift */ = {isa = PBXFileReference; lastKnownFileType = sourcecode.swift; path = LoginEmailView.swift; sourceTree = "<group>"; };
/* End PBXFileReference section */

/* Begin PBXFrameworksBuildPhase section */
		04580EAD2C2F012F007EE688 /* Frameworks */ = {
			isa = PBXFrameworksBuildPhase;
			buildActionMask = 2147483647;
			files = (
				04580EE52C2F0332007EE688 /* FirebaseAnalyticsSwift in Frameworks */,
				04580EEB2C2F0332007EE688 /* FirebaseAuthCombine-Community in Frameworks */,
				04580EE92C2F0332007EE688 /* FirebaseAuth in Frameworks */,
				04580EF32C2F0332007EE688 /* FirebaseFirestore in Frameworks */,
				04580EF12C2F0332007EE688 /* FirebaseDatabaseSwift in Frameworks */,
				04580EF52C2F0332007EE688 /* FirebaseFirestoreCombine-Community in Frameworks */,
				04580EED2C2F0332007EE688 /* FirebaseCrashlytics in Frameworks */,
				04580EFB2C2F0332007EE688 /* FirebaseFunctionsCombine-Community in Frameworks */,
				04580EFD2C2F0332007EE688 /* FirebaseStorage in Frameworks */,
				04580EE12C2F0332007EE688 /* FirebaseAnalytics in Frameworks */,
				04580EFF2C2F0332007EE688 /* FirebaseStorageCombine-Community in Frameworks */,
				04580EE32C2F0332007EE688 /* FirebaseAnalyticsOnDeviceConversion in Frameworks */,
				04580EF92C2F0332007EE688 /* FirebaseFunctions in Frameworks */,
				04580EEF2C2F0332007EE688 /* FirebaseDatabase in Frameworks */,
				04580EE72C2F0332007EE688 /* FirebaseAnalyticsWithoutAdIdSupport in Frameworks */,
				04580EF72C2F0332007EE688 /* FirebaseFirestoreSwift in Frameworks */,
			);
			runOnlyForDeploymentPostprocessing = 0;
		};
		04580EBD2C2F0130007EE688 /* Frameworks */ = {
			isa = PBXFrameworksBuildPhase;
			buildActionMask = 2147483647;
			files = (
			);
			runOnlyForDeploymentPostprocessing = 0;
		};
		04580EC72C2F0130007EE688 /* Frameworks */ = {
			isa = PBXFrameworksBuildPhase;
			buildActionMask = 2147483647;
			files = (
			);
			runOnlyForDeploymentPostprocessing = 0;
		};
/* End PBXFrameworksBuildPhase section */

/* Begin PBXGroup section */
		04580EA72C2F012F007EE688 = {
			isa = PBXGroup;
			children = (
				04580EB22C2F012F007EE688 /* artHub */,
				04580EC32C2F0130007EE688 /* artHubTests */,
				04580ECD2C2F0130007EE688 /* artHubUITests */,
				04580EB12C2F012F007EE688 /* Products */,
			);
			sourceTree = "<group>";
		};
		04580EB12C2F012F007EE688 /* Products */ = {
			isa = PBXGroup;
			children = (
				04580EB02C2F012F007EE688 /* artHub.app */,
				04580EC02C2F0130007EE688 /* artHubTests.xctest */,
				04580ECA2C2F0130007EE688 /* artHubUITests.xctest */,
			);
			name = Products;
			sourceTree = "<group>";
		};
		04580EB22C2F012F007EE688 /* artHub */ = {
			isa = PBXGroup;
			children = (
				04580EB32C2F012F007EE688 /* artHubApp.swift */,
				04580F162C2F1297007EE688 /* Main */,
				04580F0D2C2F1297007EE688 /* View */,
				04580F1A2C2F1413007EE688 /* ViewModel */,
				04580F5A2C2F65D4007EE688 /* Model */,
				04580F382C2F33E5007EE688 /* Modifires */,
				04580EB72C2F0130007EE688 /* Assets.xcassets */,
				04580F562C2F3A62007EE688 /* GoogleService-Info.plist */,
				04580EB92C2F0130007EE688 /* Preview Content */,
			);
			path = artHub;
			sourceTree = "<group>";
		};
		04580EB92C2F0130007EE688 /* Preview Content */ = {
			isa = PBXGroup;
			children = (
				04580EBA2C2F0130007EE688 /* Preview Assets.xcassets */,
			);
			path = "Preview Content";
			sourceTree = "<group>";
		};
		04580EC32C2F0130007EE688 /* artHubTests */ = {
			isa = PBXGroup;
			children = (
				04580EC42C2F0130007EE688 /* artHubTests.swift */,
			);
			path = artHubTests;
			sourceTree = "<group>";
		};
		04580ECD2C2F0130007EE688 /* artHubUITests */ = {
			isa = PBXGroup;
			children = (
				04580ECE2C2F0130007EE688 /* artHubUITests.swift */,
				04580ED02C2F0130007EE688 /* artHubUITestsLaunchTests.swift */,
			);
			path = artHubUITests;
			sourceTree = "<group>";
		};
		04580F0D2C2F1297007EE688 /* View */ = {
			isa = PBXGroup;
			children = (
				04580F2D2C2F2F5E007EE688 /* WelcomeComponents */,
				04580F0E2C2F1297007EE688 /* Autentication */,
			);
			path = View;
			sourceTree = "<group>";
		};
		04580F0E2C2F1297007EE688 /* Autentication */ = {
			isa = PBXGroup;
			children = (
				04580F0F2C2F1297007EE688 /* SignUp */,
				04CF42812C2FAB1500B52B26 /* Login */,
			);
			path = Autentication;
			sourceTree = "<group>";
		};
		04580F0F2C2F1297007EE688 /* SignUp */ = {
			isa = PBXGroup;
			children = (
				04580F482C2F3700007EE688 /* SignUpView.swift */,
				04580F4A2C2F3737007EE688 /* SignUpEmailView.swift */,
				04580F4C2C2F3762007EE688 /* SignUpPasswordView.swift */,
				04CF427B2C2F86B300B52B26 /* PasswordErrorView.swift */,
				04CF427D2C2FA54600B52B26 /* SignUpNameView.swift */,
				04CF427F2C2FA8A300B52B26 /* NextView.swift */,
			);
			path = SignUp;
			sourceTree = "<group>";
		};
		04580F162C2F1297007EE688 /* Main */ = {
			isa = PBXGroup;
			children = (
				04580EB52C2F012F007EE688 /* ContentView.swift */,
			);
			path = Main;
			sourceTree = "<group>";
		};
		04580F1A2C2F1413007EE688 /* ViewModel */ = {
			isa = PBXGroup;
			children = (
				04580F2B2C2F1FD8007EE688 /* WelcomeScreenViewModel.swift */,
				04580F502C2F380A007EE688 /* SignUpViewModel.swift */,
				04580F4E2C2F37C9007EE688 /* LoginViewModel.swift */,
				04580F1B2C2F1413007EE688 /* ArtistProfileViewModel.swift */,
				04580F1D2C2F1413007EE688 /* ArtworksViewModel.swift */,
				04580F1F2C2F1413007EE688 /* UserProfileViewModel.swift */,
				04580F202C2F1413007EE688 /* ColectionViewModel.swift */,
			);
			path = ViewModel;
			sourceTree = "<group>";
		};
		04580F2D2C2F2F5E007EE688 /* WelcomeComponents */ = {
			isa = PBXGroup;
			children = (
				04580F292C2F1D3B007EE688 /* WelcomeScreenView.swift */,
				04580F322C2F31D4007EE688 /* ButtonActionsView.swift */,
				04580F302C2F319B007EE688 /* WelcomeContentView.swift */,
				04580F2E2C2F3143007EE688 /* BackgroundImageView.swift */,
			);
			path = WelcomeComponents;
			sourceTree = "<group>";
		};
		04580F382C2F33E5007EE688 /* Modifires */ = {
			isa = PBXGroup;
			children = (
				04580F3E2C2F357A007EE688 /* PrimaryButtonStyle.swift */,
				04580F462C2F36B8007EE688 /* BlackBackgroundButtonStyle.swift */,
				04580F522C2F384E007EE688 /* EmailTextFieldStyle.swift */,
				04580F542C2F38B0007EE688 /* CustomBackButton.swift */,
			);
			path = Modifires;
			sourceTree = "<group>";
		};
		04580F5A2C2F65D4007EE688 /* Model */ = {
			isa = PBXGroup;
			children = (
				04580F5B2C2F65D4007EE688 /* Collection.swift */,
				04580F5C2C2F65D4007EE688 /* User.swift */,
				04580F5D2C2F65D4007EE688 /* Artist.swift */,
				04580F5E2C2F65D4007EE688 /* Artwork.swift */,
			);
			path = Model;
			sourceTree = "<group>";
		};
		04CF42812C2FAB1500B52B26 /* Login */ = {
			isa = PBXGroup;
			children = (
				04CF42822C2FAB3B00B52B26 /* LoginView.swift */,
				04CF42842C2FAB8800B52B26 /* LoginEmailView.swift */,
			);
			path = Login;
			sourceTree = "<group>";
		};
/* End PBXGroup section */

/* Begin PBXNativeTarget section */
		04580EAF2C2F012F007EE688 /* artHub */ = {
			isa = PBXNativeTarget;
			buildConfigurationList = 04580ED42C2F0130007EE688 /* Build configuration list for PBXNativeTarget "artHub" */;
			buildPhases = (
				04580EAC2C2F012F007EE688 /* Sources */,
				04580EAD2C2F012F007EE688 /* Frameworks */,
				04580EAE2C2F012F007EE688 /* Resources */,
			);
			buildRules = (
			);
			dependencies = (
			);
			name = artHub;
			packageProductDependencies = (
				04580EE02C2F0332007EE688 /* FirebaseAnalytics */,
				04580EE22C2F0332007EE688 /* FirebaseAnalyticsOnDeviceConversion */,
				04580EE42C2F0332007EE688 /* FirebaseAnalyticsSwift */,
				04580EE62C2F0332007EE688 /* FirebaseAnalyticsWithoutAdIdSupport */,
				04580EE82C2F0332007EE688 /* FirebaseAuth */,
				04580EEA2C2F0332007EE688 /* FirebaseAuthCombine-Community */,
				04580EEC2C2F0332007EE688 /* FirebaseCrashlytics */,
				04580EEE2C2F0332007EE688 /* FirebaseDatabase */,
				04580EF02C2F0332007EE688 /* FirebaseDatabaseSwift */,
				04580EF22C2F0332007EE688 /* FirebaseFirestore */,
				04580EF42C2F0332007EE688 /* FirebaseFirestoreCombine-Community */,
				04580EF62C2F0332007EE688 /* FirebaseFirestoreSwift */,
				04580EF82C2F0332007EE688 /* FirebaseFunctions */,
				04580EFA2C2F0332007EE688 /* FirebaseFunctionsCombine-Community */,
				04580EFC2C2F0332007EE688 /* FirebaseStorage */,
				04580EFE2C2F0332007EE688 /* FirebaseStorageCombine-Community */,
			);
			productName = artHub;
			productReference = 04580EB02C2F012F007EE688 /* artHub.app */;
			productType = "com.apple.product-type.application";
		};
		04580EBF2C2F0130007EE688 /* artHubTests */ = {
			isa = PBXNativeTarget;
			buildConfigurationList = 04580ED72C2F0130007EE688 /* Build configuration list for PBXNativeTarget "artHubTests" */;
			buildPhases = (
				04580EBC2C2F0130007EE688 /* Sources */,
				04580EBD2C2F0130007EE688 /* Frameworks */,
				04580EBE2C2F0130007EE688 /* Resources */,
			);
			buildRules = (
			);
			dependencies = (
				04580EC22C2F0130007EE688 /* PBXTargetDependency */,
			);
			name = artHubTests;
			productName = artHubTests;
			productReference = 04580EC02C2F0130007EE688 /* artHubTests.xctest */;
			productType = "com.apple.product-type.bundle.unit-test";
		};
		04580EC92C2F0130007EE688 /* artHubUITests */ = {
			isa = PBXNativeTarget;
			buildConfigurationList = 04580EDA2C2F0130007EE688 /* Build configuration list for PBXNativeTarget "artHubUITests" */;
			buildPhases = (
				04580EC62C2F0130007EE688 /* Sources */,
				04580EC72C2F0130007EE688 /* Frameworks */,
				04580EC82C2F0130007EE688 /* Resources */,
			);
			buildRules = (
			);
			dependencies = (
				04580ECC2C2F0130007EE688 /* PBXTargetDependency */,
			);
			name = artHubUITests;
			productName = artHubUITests;
			productReference = 04580ECA2C2F0130007EE688 /* artHubUITests.xctest */;
			productType = "com.apple.product-type.bundle.ui-testing";
		};
/* End PBXNativeTarget section */

/* Begin PBXProject section */
		04580EA82C2F012F007EE688 /* Project object */ = {
			isa = PBXProject;
			attributes = {
				BuildIndependentTargetsInParallel = 1;
				LastSwiftUpdateCheck = 1500;
				LastUpgradeCheck = 1500;
				TargetAttributes = {
					04580EAF2C2F012F007EE688 = {
						CreatedOnToolsVersion = 15.0.1;
					};
					04580EBF2C2F0130007EE688 = {
						CreatedOnToolsVersion = 15.0.1;
						TestTargetID = 04580EAF2C2F012F007EE688;
					};
					04580EC92C2F0130007EE688 = {
						CreatedOnToolsVersion = 15.0.1;
						TestTargetID = 04580EAF2C2F012F007EE688;
					};
				};
			};
			buildConfigurationList = 04580EAB2C2F012F007EE688 /* Build configuration list for PBXProject "artHub" */;
			compatibilityVersion = "Xcode 14.0";
			developmentRegion = en;
			hasScannedForEncodings = 0;
			knownRegions = (
				en,
				Base,
			);
			mainGroup = 04580EA72C2F012F007EE688;
			packageReferences = (
				04580EDF2C2F0332007EE688 /* XCRemoteSwiftPackageReference "firebase-ios-sdk" */,
			);
			productRefGroup = 04580EB12C2F012F007EE688 /* Products */;
			projectDirPath = "";
			projectRoot = "";
			targets = (
				04580EAF2C2F012F007EE688 /* artHub */,
				04580EBF2C2F0130007EE688 /* artHubTests */,
				04580EC92C2F0130007EE688 /* artHubUITests */,
			);
		};
/* End PBXProject section */

/* Begin PBXResourcesBuildPhase section */
		04580EAE2C2F012F007EE688 /* Resources */ = {
			isa = PBXResourcesBuildPhase;
			buildActionMask = 2147483647;
			files = (
				04580EBB2C2F0130007EE688 /* Preview Assets.xcassets in Resources */,
				04580EB82C2F0130007EE688 /* Assets.xcassets in Resources */,
				04580F572C2F3A62007EE688 /* GoogleService-Info.plist in Resources */,
			);
			runOnlyForDeploymentPostprocessing = 0;
		};
		04580EBE2C2F0130007EE688 /* Resources */ = {
			isa = PBXResourcesBuildPhase;
			buildActionMask = 2147483647;
			files = (
			);
			runOnlyForDeploymentPostprocessing = 0;
		};
		04580EC82C2F0130007EE688 /* Resources */ = {
			isa = PBXResourcesBuildPhase;
			buildActionMask = 2147483647;
			files = (
			);
			runOnlyForDeploymentPostprocessing = 0;
		};
/* End PBXResourcesBuildPhase section */

/* Begin PBXSourcesBuildPhase section */
		04580EAC2C2F012F007EE688 /* Sources */ = {
			isa = PBXSourcesBuildPhase;
			buildActionMask = 2147483647;
			files = (
				04580F3F2C2F357A007EE688 /* PrimaryButtonStyle.swift in Sources */,
				04CF427C2C2F86B300B52B26 /* PasswordErrorView.swift in Sources */,
				04CF42852C2FAB8800B52B26 /* LoginEmailView.swift in Sources */,
				04580F512C2F380A007EE688 /* SignUpViewModel.swift in Sources */,
				04580F472C2F36B8007EE688 /* BlackBackgroundButtonStyle.swift in Sources */,
				04580F2F2C2F3143007EE688 /* BackgroundImageView.swift in Sources */,
				04580F492C2F3700007EE688 /* SignUpView.swift in Sources */,
				04580F312C2F319B007EE688 /* WelcomeContentView.swift in Sources */,
				04CF42832C2FAB3B00B52B26 /* LoginView.swift in Sources */,
				04580EB62C2F012F007EE688 /* ContentView.swift in Sources */,
				04580F4F2C2F37C9007EE688 /* LoginViewModel.swift in Sources */,
				04580F4D2C2F3762007EE688 /* SignUpPasswordView.swift in Sources */,
				04580F532C2F384E007EE688 /* EmailTextFieldStyle.swift in Sources */,
				04580EB42C2F012F007EE688 /* artHubApp.swift in Sources */,
				04CF42802C2FA8A300B52B26 /* NextView.swift in Sources */,
				04CF427E2C2FA54600B52B26 /* SignUpNameView.swift in Sources */,
				04580F2C2C2F1FD8007EE688 /* WelcomeScreenViewModel.swift in Sources */,
				04580F332C2F31D4007EE688 /* ButtonActionsView.swift in Sources */,
				04580F552C2F38B0007EE688 /* CustomBackButton.swift in Sources */,
				04580F4B2C2F3737007EE688 /* SignUpEmailView.swift in Sources */,
				04580F2A2C2F1D3B007EE688 /* WelcomeScreenView.swift in Sources */,
			);
			runOnlyForDeploymentPostprocessing = 0;
		};
		04580EBC2C2F0130007EE688 /* Sources */ = {
			isa = PBXSourcesBuildPhase;
			buildActionMask = 2147483647;
			files = (
				04580EC52C2F0130007EE688 /* artHubTests.swift in Sources */,
			);
			runOnlyForDeploymentPostprocessing = 0;
		};
		04580EC62C2F0130007EE688 /* Sources */ = {
			isa = PBXSourcesBuildPhase;
			buildActionMask = 2147483647;
			files = (
				04580ED12C2F0130007EE688 /* artHubUITestsLaunchTests.swift in Sources */,
				04580ECF2C2F0130007EE688 /* artHubUITests.swift in Sources */,
			);
			runOnlyForDeploymentPostprocessing = 0;
		};
/* End PBXSourcesBuildPhase section */

/* Begin PBXTargetDependency section */
		04580EC22C2F0130007EE688 /* PBXTargetDependency */ = {
			isa = PBXTargetDependency;
			target = 04580EAF2C2F012F007EE688 /* artHub */;
			targetProxy = 04580EC12C2F0130007EE688 /* PBXContainerItemProxy */;
		};
		04580ECC2C2F0130007EE688 /* PBXTargetDependency */ = {
			isa = PBXTargetDependency;
			target = 04580EAF2C2F012F007EE688 /* artHub */;
			targetProxy = 04580ECB2C2F0130007EE688 /* PBXContainerItemProxy */;
		};
/* End PBXTargetDependency section */

/* Begin XCBuildConfiguration section */
		04580ED22C2F0130007EE688 /* Debug */ = {
			isa = XCBuildConfiguration;
			buildSettings = {
				ALWAYS_SEARCH_USER_PATHS = NO;
				ASSETCATALOG_COMPILER_GENERATE_SWIFT_ASSET_SYMBOL_EXTENSIONS = YES;
				CLANG_ANALYZER_NONNULL = YES;
				CLANG_ANALYZER_NUMBER_OBJECT_CONVERSION = YES_AGGRESSIVE;
				CLANG_CXX_LANGUAGE_STANDARD = "gnu++20";
				CLANG_ENABLE_MODULES = YES;
				CLANG_ENABLE_OBJC_ARC = YES;
				CLANG_ENABLE_OBJC_WEAK = YES;
				CLANG_WARN_BLOCK_CAPTURE_AUTORELEASING = YES;
				CLANG_WARN_BOOL_CONVERSION = YES;
				CLANG_WARN_COMMA = YES;
				CLANG_WARN_CONSTANT_CONVERSION = YES;
				CLANG_WARN_DEPRECATED_OBJC_IMPLEMENTATIONS = YES;
				CLANG_WARN_DIRECT_OBJC_ISA_USAGE = YES_ERROR;
				CLANG_WARN_DOCUMENTATION_COMMENTS = YES;
				CLANG_WARN_EMPTY_BODY = YES;
				CLANG_WARN_ENUM_CONVERSION = YES;
				CLANG_WARN_INFINITE_RECURSION = YES;
				CLANG_WARN_INT_CONVERSION = YES;
				CLANG_WARN_NON_LITERAL_NULL_CONVERSION = YES;
				CLANG_WARN_OBJC_IMPLICIT_RETAIN_SELF = YES;
				CLANG_WARN_OBJC_LITERAL_CONVERSION = YES;
				CLANG_WARN_OBJC_ROOT_CLASS = YES_ERROR;
				CLANG_WARN_QUOTED_INCLUDE_IN_FRAMEWORK_HEADER = YES;
				CLANG_WARN_RANGE_LOOP_ANALYSIS = YES;
				CLANG_WARN_STRICT_PROTOTYPES = YES;
				CLANG_WARN_SUSPICIOUS_MOVE = YES;
				CLANG_WARN_UNGUARDED_AVAILABILITY = YES_AGGRESSIVE;
				CLANG_WARN_UNREACHABLE_CODE = YES;
				CLANG_WARN__DUPLICATE_METHOD_MATCH = YES;
				COPY_PHASE_STRIP = NO;
				DEBUG_INFORMATION_FORMAT = dwarf;
				ENABLE_STRICT_OBJC_MSGSEND = YES;
				ENABLE_TESTABILITY = YES;
				ENABLE_USER_SCRIPT_SANDBOXING = YES;
				GCC_C_LANGUAGE_STANDARD = gnu17;
				GCC_DYNAMIC_NO_PIC = NO;
				GCC_NO_COMMON_BLOCKS = YES;
				GCC_OPTIMIZATION_LEVEL = 0;
				GCC_PREPROCESSOR_DEFINITIONS = (
					"DEBUG=1",
					"$(inherited)",
				);
				GCC_WARN_64_TO_32_BIT_CONVERSION = YES;
				GCC_WARN_ABOUT_RETURN_TYPE = YES_ERROR;
				GCC_WARN_UNDECLARED_SELECTOR = YES;
				GCC_WARN_UNINITIALIZED_AUTOS = YES_AGGRESSIVE;
				GCC_WARN_UNUSED_FUNCTION = YES;
				GCC_WARN_UNUSED_VARIABLE = YES;
				IPHONEOS_DEPLOYMENT_TARGET = 17.0;
				LOCALIZATION_PREFERS_STRING_CATALOGS = YES;
				MTL_ENABLE_DEBUG_INFO = INCLUDE_SOURCE;
				MTL_FAST_MATH = YES;
				ONLY_ACTIVE_ARCH = YES;
				SDKROOT = iphoneos;
				SWIFT_ACTIVE_COMPILATION_CONDITIONS = "DEBUG $(inherited)";
				SWIFT_OPTIMIZATION_LEVEL = "-Onone";
			};
			name = Debug;
		};
		04580ED32C2F0130007EE688 /* Release */ = {
			isa = XCBuildConfiguration;
			buildSettings = {
				ALWAYS_SEARCH_USER_PATHS = NO;
				ASSETCATALOG_COMPILER_GENERATE_SWIFT_ASSET_SYMBOL_EXTENSIONS = YES;
				CLANG_ANALYZER_NONNULL = YES;
				CLANG_ANALYZER_NUMBER_OBJECT_CONVERSION = YES_AGGRESSIVE;
				CLANG_CXX_LANGUAGE_STANDARD = "gnu++20";
				CLANG_ENABLE_MODULES = YES;
				CLANG_ENABLE_OBJC_ARC = YES;
				CLANG_ENABLE_OBJC_WEAK = YES;
				CLANG_WARN_BLOCK_CAPTURE_AUTORELEASING = YES;
				CLANG_WARN_BOOL_CONVERSION = YES;
				CLANG_WARN_COMMA = YES;
				CLANG_WARN_CONSTANT_CONVERSION = YES;
				CLANG_WARN_DEPRECATED_OBJC_IMPLEMENTATIONS = YES;
				CLANG_WARN_DIRECT_OBJC_ISA_USAGE = YES_ERROR;
				CLANG_WARN_DOCUMENTATION_COMMENTS = YES;
				CLANG_WARN_EMPTY_BODY = YES;
				CLANG_WARN_ENUM_CONVERSION = YES;
				CLANG_WARN_INFINITE_RECURSION = YES;
				CLANG_WARN_INT_CONVERSION = YES;
				CLANG_WARN_NON_LITERAL_NULL_CONVERSION = YES;
				CLANG_WARN_OBJC_IMPLICIT_RETAIN_SELF = YES;
				CLANG_WARN_OBJC_LITERAL_CONVERSION = YES;
				CLANG_WARN_OBJC_ROOT_CLASS = YES_ERROR;
				CLANG_WARN_QUOTED_INCLUDE_IN_FRAMEWORK_HEADER = YES;
				CLANG_WARN_RANGE_LOOP_ANALYSIS = YES;
				CLANG_WARN_STRICT_PROTOTYPES = YES;
				CLANG_WARN_SUSPICIOUS_MOVE = YES;
				CLANG_WARN_UNGUARDED_AVAILABILITY = YES_AGGRESSIVE;
				CLANG_WARN_UNREACHABLE_CODE = YES;
				CLANG_WARN__DUPLICATE_METHOD_MATCH = YES;
				COPY_PHASE_STRIP = NO;
				DEBUG_INFORMATION_FORMAT = "dwarf-with-dsym";
				ENABLE_NS_ASSERTIONS = NO;
				ENABLE_STRICT_OBJC_MSGSEND = YES;
				ENABLE_USER_SCRIPT_SANDBOXING = YES;
				GCC_C_LANGUAGE_STANDARD = gnu17;
				GCC_NO_COMMON_BLOCKS = YES;
				GCC_WARN_64_TO_32_BIT_CONVERSION = YES;
				GCC_WARN_ABOUT_RETURN_TYPE = YES_ERROR;
				GCC_WARN_UNDECLARED_SELECTOR = YES;
				GCC_WARN_UNINITIALIZED_AUTOS = YES_AGGRESSIVE;
				GCC_WARN_UNUSED_FUNCTION = YES;
				GCC_WARN_UNUSED_VARIABLE = YES;
				IPHONEOS_DEPLOYMENT_TARGET = 17.0;
				LOCALIZATION_PREFERS_STRING_CATALOGS = YES;
				MTL_ENABLE_DEBUG_INFO = NO;
				MTL_FAST_MATH = YES;
				SDKROOT = iphoneos;
				SWIFT_COMPILATION_MODE = wholemodule;
				VALIDATE_PRODUCT = YES;
			};
			name = Release;
		};
		04580ED52C2F0130007EE688 /* Debug */ = {
			isa = XCBuildConfiguration;
			buildSettings = {
				ASSETCATALOG_COMPILER_APPICON_NAME = AppIcon;
				ASSETCATALOG_COMPILER_GLOBAL_ACCENT_COLOR_NAME = AccentColor;
				CODE_SIGN_STYLE = Automatic;
				CURRENT_PROJECT_VERSION = 1;
				DEVELOPMENT_ASSET_PATHS = "\"artHub/Preview Content\"";
				DEVELOPMENT_TEAM = SW28RGZ4W7;
				ENABLE_PREVIEWS = YES;
				GENERATE_INFOPLIST_FILE = YES;
				INFOPLIST_KEY_UIApplicationSceneManifest_Generation = YES;
				INFOPLIST_KEY_UIApplicationSupportsIndirectInputEvents = YES;
				INFOPLIST_KEY_UILaunchScreen_Generation = YES;
				INFOPLIST_KEY_UISupportedInterfaceOrientations_iPad = "UIInterfaceOrientationPortrait UIInterfaceOrientationPortraitUpsideDown UIInterfaceOrientationLandscapeLeft UIInterfaceOrientationLandscapeRight";
				INFOPLIST_KEY_UISupportedInterfaceOrientations_iPhone = "UIInterfaceOrientationPortrait UIInterfaceOrientationLandscapeLeft UIInterfaceOrientationLandscapeRight";
				LD_RUNPATH_SEARCH_PATHS = (
					"$(inherited)",
					"@executable_path/Frameworks",
				);
				MARKETING_VERSION = 1.0;
				PRODUCT_BUNDLE_IDENTIFIER = tmslesson1.com.artHub;
				PRODUCT_NAME = "$(TARGET_NAME)";
				SWIFT_EMIT_LOC_STRINGS = YES;
				SWIFT_VERSION = 5.0;
				TARGETED_DEVICE_FAMILY = "1,2";
			};
			name = Debug;
		};
		04580ED62C2F0130007EE688 /* Release */ = {
			isa = XCBuildConfiguration;
			buildSettings = {
				ASSETCATALOG_COMPILER_APPICON_NAME = AppIcon;
				ASSETCATALOG_COMPILER_GLOBAL_ACCENT_COLOR_NAME = AccentColor;
				CODE_SIGN_STYLE = Automatic;
				CURRENT_PROJECT_VERSION = 1;
				DEVELOPMENT_ASSET_PATHS = "\"artHub/Preview Content\"";
				DEVELOPMENT_TEAM = SW28RGZ4W7;
				ENABLE_PREVIEWS = YES;
				GENERATE_INFOPLIST_FILE = YES;
				INFOPLIST_KEY_UIApplicationSceneManifest_Generation = YES;
				INFOPLIST_KEY_UIApplicationSupportsIndirectInputEvents = YES;
				INFOPLIST_KEY_UILaunchScreen_Generation = YES;
				INFOPLIST_KEY_UISupportedInterfaceOrientations_iPad = "UIInterfaceOrientationPortrait UIInterfaceOrientationPortraitUpsideDown UIInterfaceOrientationLandscapeLeft UIInterfaceOrientationLandscapeRight";
				INFOPLIST_KEY_UISupportedInterfaceOrientations_iPhone = "UIInterfaceOrientationPortrait UIInterfaceOrientationLandscapeLeft UIInterfaceOrientationLandscapeRight";
				LD_RUNPATH_SEARCH_PATHS = (
					"$(inherited)",
					"@executable_path/Frameworks",
				);
				MARKETING_VERSION = 1.0;
				PRODUCT_BUNDLE_IDENTIFIER = tmslesson1.com.artHub;
				PRODUCT_NAME = "$(TARGET_NAME)";
				SWIFT_EMIT_LOC_STRINGS = YES;
				SWIFT_VERSION = 5.0;
				TARGETED_DEVICE_FAMILY = "1,2";
			};
			name = Release;
		};
		04580ED82C2F0130007EE688 /* Debug */ = {
			isa = XCBuildConfiguration;
			buildSettings = {
				ALWAYS_EMBED_SWIFT_STANDARD_LIBRARIES = YES;
				BUNDLE_LOADER = "$(TEST_HOST)";
				CODE_SIGN_STYLE = Automatic;
				CURRENT_PROJECT_VERSION = 1;
				DEVELOPMENT_TEAM = SW28RGZ4W7;
				GENERATE_INFOPLIST_FILE = YES;
				IPHONEOS_DEPLOYMENT_TARGET = 17.0;
				MARKETING_VERSION = 1.0;
				PRODUCT_BUNDLE_IDENTIFIER = tmslesson1.com.artHubTests;
				PRODUCT_NAME = "$(TARGET_NAME)";
				SWIFT_EMIT_LOC_STRINGS = NO;
				SWIFT_VERSION = 5.0;
				TARGETED_DEVICE_FAMILY = "1,2";
				TEST_HOST = "$(BUILT_PRODUCTS_DIR)/artHub.app/$(BUNDLE_EXECUTABLE_FOLDER_PATH)/artHub";
			};
			name = Debug;
		};
		04580ED92C2F0130007EE688 /* Release */ = {
			isa = XCBuildConfiguration;
			buildSettings = {
				ALWAYS_EMBED_SWIFT_STANDARD_LIBRARIES = YES;
				BUNDLE_LOADER = "$(TEST_HOST)";
				CODE_SIGN_STYLE = Automatic;
				CURRENT_PROJECT_VERSION = 1;
				DEVELOPMENT_TEAM = SW28RGZ4W7;
				GENERATE_INFOPLIST_FILE = YES;
				IPHONEOS_DEPLOYMENT_TARGET = 17.0;
				MARKETING_VERSION = 1.0;
				PRODUCT_BUNDLE_IDENTIFIER = tmslesson1.com.artHubTests;
				PRODUCT_NAME = "$(TARGET_NAME)";
				SWIFT_EMIT_LOC_STRINGS = NO;
				SWIFT_VERSION = 5.0;
				TARGETED_DEVICE_FAMILY = "1,2";
				TEST_HOST = "$(BUILT_PRODUCTS_DIR)/artHub.app/$(BUNDLE_EXECUTABLE_FOLDER_PATH)/artHub";
			};
			name = Release;
		};
		04580EDB2C2F0130007EE688 /* Debug */ = {
			isa = XCBuildConfiguration;
			buildSettings = {
				ALWAYS_EMBED_SWIFT_STANDARD_LIBRARIES = YES;
				CODE_SIGN_STYLE = Automatic;
				CURRENT_PROJECT_VERSION = 1;
				DEVELOPMENT_TEAM = SW28RGZ4W7;
				GENERATE_INFOPLIST_FILE = YES;
				MARKETING_VERSION = 1.0;
				PRODUCT_BUNDLE_IDENTIFIER = tmslesson1.com.artHubUITests;
				PRODUCT_NAME = "$(TARGET_NAME)";
				SWIFT_EMIT_LOC_STRINGS = NO;
				SWIFT_VERSION = 5.0;
				TARGETED_DEVICE_FAMILY = "1,2";
				TEST_TARGET_NAME = artHub;
			};
			name = Debug;
		};
		04580EDC2C2F0130007EE688 /* Release */ = {
			isa = XCBuildConfiguration;
			buildSettings = {
				ALWAYS_EMBED_SWIFT_STANDARD_LIBRARIES = YES;
				CODE_SIGN_STYLE = Automatic;
				CURRENT_PROJECT_VERSION = 1;
				DEVELOPMENT_TEAM = SW28RGZ4W7;
				GENERATE_INFOPLIST_FILE = YES;
				MARKETING_VERSION = 1.0;
				PRODUCT_BUNDLE_IDENTIFIER = tmslesson1.com.artHubUITests;
				PRODUCT_NAME = "$(TARGET_NAME)";
				SWIFT_EMIT_LOC_STRINGS = NO;
				SWIFT_VERSION = 5.0;
				TARGETED_DEVICE_FAMILY = "1,2";
				TEST_TARGET_NAME = artHub;
			};
			name = Release;
		};
/* End XCBuildConfiguration section */

/* Begin XCConfigurationList section */
		04580EAB2C2F012F007EE688 /* Build configuration list for PBXProject "artHub" */ = {
			isa = XCConfigurationList;
			buildConfigurations = (
				04580ED22C2F0130007EE688 /* Debug */,
				04580ED32C2F0130007EE688 /* Release */,
			);
			defaultConfigurationIsVisible = 0;
			defaultConfigurationName = Release;
		};
		04580ED42C2F0130007EE688 /* Build configuration list for PBXNativeTarget "artHub" */ = {
			isa = XCConfigurationList;
			buildConfigurations = (
				04580ED52C2F0130007EE688 /* Debug */,
				04580ED62C2F0130007EE688 /* Release */,
			);
			defaultConfigurationIsVisible = 0;
			defaultConfigurationName = Release;
		};
		04580ED72C2F0130007EE688 /* Build configuration list for PBXNativeTarget "artHubTests" */ = {
			isa = XCConfigurationList;
			buildConfigurations = (
				04580ED82C2F0130007EE688 /* Debug */,
				04580ED92C2F0130007EE688 /* Release */,
			);
			defaultConfigurationIsVisible = 0;
			defaultConfigurationName = Release;
		};
		04580EDA2C2F0130007EE688 /* Build configuration list for PBXNativeTarget "artHubUITests" */ = {
			isa = XCConfigurationList;
			buildConfigurations = (
				04580EDB2C2F0130007EE688 /* Debug */,
				04580EDC2C2F0130007EE688 /* Release */,
			);
			defaultConfigurationIsVisible = 0;
			defaultConfigurationName = Release;
		};
/* End XCConfigurationList section */

/* Begin XCRemoteSwiftPackageReference section */
		04580EDF2C2F0332007EE688 /* XCRemoteSwiftPackageReference "firebase-ios-sdk" */ = {
			isa = XCRemoteSwiftPackageReference;
			repositoryURL = "https://github.com/firebase/firebase-ios-sdk";
			requirement = {
				kind = upToNextMajorVersion;
				minimumVersion = 10.28.1;
			};
		};
/* End XCRemoteSwiftPackageReference section */

/* Begin XCSwiftPackageProductDependency section */
		04580EE02C2F0332007EE688 /* FirebaseAnalytics */ = {
			isa = XCSwiftPackageProductDependency;
			package = 04580EDF2C2F0332007EE688 /* XCRemoteSwiftPackageReference "firebase-ios-sdk" */;
			productName = FirebaseAnalytics;
		};
		04580EE22C2F0332007EE688 /* FirebaseAnalyticsOnDeviceConversion */ = {
			isa = XCSwiftPackageProductDependency;
			package = 04580EDF2C2F0332007EE688 /* XCRemoteSwiftPackageReference "firebase-ios-sdk" */;
			productName = FirebaseAnalyticsOnDeviceConversion;
		};
		04580EE42C2F0332007EE688 /* FirebaseAnalyticsSwift */ = {
			isa = XCSwiftPackageProductDependency;
			package = 04580EDF2C2F0332007EE688 /* XCRemoteSwiftPackageReference "firebase-ios-sdk" */;
			productName = FirebaseAnalyticsSwift;
		};
		04580EE62C2F0332007EE688 /* FirebaseAnalyticsWithoutAdIdSupport */ = {
			isa = XCSwiftPackageProductDependency;
			package = 04580EDF2C2F0332007EE688 /* XCRemoteSwiftPackageReference "firebase-ios-sdk" */;
			productName = FirebaseAnalyticsWithoutAdIdSupport;
		};
		04580EE82C2F0332007EE688 /* FirebaseAuth */ = {
			isa = XCSwiftPackageProductDependency;
			package = 04580EDF2C2F0332007EE688 /* XCRemoteSwiftPackageReference "firebase-ios-sdk" */;
			productName = FirebaseAuth;
		};
		04580EEA2C2F0332007EE688 /* FirebaseAuthCombine-Community */ = {
			isa = XCSwiftPackageProductDependency;
			package = 04580EDF2C2F0332007EE688 /* XCRemoteSwiftPackageReference "firebase-ios-sdk" */;
			productName = "FirebaseAuthCombine-Community";
		};
		04580EEC2C2F0332007EE688 /* FirebaseCrashlytics */ = {
			isa = XCSwiftPackageProductDependency;
			package = 04580EDF2C2F0332007EE688 /* XCRemoteSwiftPackageReference "firebase-ios-sdk" */;
			productName = FirebaseCrashlytics;
		};
		04580EEE2C2F0332007EE688 /* FirebaseDatabase */ = {
			isa = XCSwiftPackageProductDependency;
			package = 04580EDF2C2F0332007EE688 /* XCRemoteSwiftPackageReference "firebase-ios-sdk" */;
			productName = FirebaseDatabase;
		};
		04580EF02C2F0332007EE688 /* FirebaseDatabaseSwift */ = {
			isa = XCSwiftPackageProductDependency;
			package = 04580EDF2C2F0332007EE688 /* XCRemoteSwiftPackageReference "firebase-ios-sdk" */;
			productName = FirebaseDatabaseSwift;
		};
		04580EF22C2F0332007EE688 /* FirebaseFirestore */ = {
			isa = XCSwiftPackageProductDependency;
			package = 04580EDF2C2F0332007EE688 /* XCRemoteSwiftPackageReference "firebase-ios-sdk" */;
			productName = FirebaseFirestore;
		};
		04580EF42C2F0332007EE688 /* FirebaseFirestoreCombine-Community */ = {
			isa = XCSwiftPackageProductDependency;
			package = 04580EDF2C2F0332007EE688 /* XCRemoteSwiftPackageReference "firebase-ios-sdk" */;
			productName = "FirebaseFirestoreCombine-Community";
		};
		04580EF62C2F0332007EE688 /* FirebaseFirestoreSwift */ = {
			isa = XCSwiftPackageProductDependency;
			package = 04580EDF2C2F0332007EE688 /* XCRemoteSwiftPackageReference "firebase-ios-sdk" */;
			productName = FirebaseFirestoreSwift;
		};
		04580EF82C2F0332007EE688 /* FirebaseFunctions */ = {
			isa = XCSwiftPackageProductDependency;
			package = 04580EDF2C2F0332007EE688 /* XCRemoteSwiftPackageReference "firebase-ios-sdk" */;
			productName = FirebaseFunctions;
		};
		04580EFA2C2F0332007EE688 /* FirebaseFunctionsCombine-Community */ = {
			isa = XCSwiftPackageProductDependency;
			package = 04580EDF2C2F0332007EE688 /* XCRemoteSwiftPackageReference "firebase-ios-sdk" */;
			productName = "FirebaseFunctionsCombine-Community";
		};
		04580EFC2C2F0332007EE688 /* FirebaseStorage */ = {
			isa = XCSwiftPackageProductDependency;
			package = 04580EDF2C2F0332007EE688 /* XCRemoteSwiftPackageReference "firebase-ios-sdk" */;
			productName = FirebaseStorage;
		};
		04580EFE2C2F0332007EE688 /* FirebaseStorageCombine-Community */ = {
			isa = XCSwiftPackageProductDependency;
			package = 04580EDF2C2F0332007EE688 /* XCRemoteSwiftPackageReference "firebase-ios-sdk" */;
			productName = "FirebaseStorageCombine-Community";
		};
/* End XCSwiftPackageProductDependency section */
	};
	rootObject = 04580EA82C2F012F007EE688 /* Project object */;
}
